
Microsoft Visual Studio Solution File, Format Version 12.00
# Visual Studio Version 17
VisualStudioVersion = 17.5.33530.505
MinimumVisualStudioVersion = 10.0.40219.1
Project("{FAE04EC0-301F-11D3-BF4B-00C04F79EFBC}") = "texy_fil_to_ui", "texy_fil_to_ui\texy_fil_to_ui.csproj", "{4D333D2D-2064-418D-9638-A5B50B83CF60}"
EndProject
Global
	GlobalSection(SolutionConfigurationPlatforms) = preSolution
		Debug|Any CPU = Debug|Any CPU
		Release|Any CPU = Release|Any CPU
	EndGlobalSection
	GlobalSection(ProjectConfigurationPlatforms) = postSolution
		{4D333D2D-2064-418D-9638-A5B50B83CF60}.Debug|Any CPU.ActiveCfg = Debug|Any CPU
		{4D333D2D-2064-418D-9638-A5B50B83CF60}.Debug|Any CPU.Build.0 = Debug|Any CPU
		{4D333D2D-2064-418D-9638-A5B50B83CF60}.Release|Any CPU.ActiveCfg = Release|Any CPU
		{4D333D2D-2064-418D-9638-A5B50B83CF60}.Release|Any CPU.Build.0 = Release|Any CPU
	EndGlobalSection
	GlobalSection(SolutionProperties) = preSolution
		HideSolutionNode = FALSE
	EndGlobalSection
	GlobalSection(ExtensibilityGlobals) = postSolution
		SolutionGuid = {D510D985-6B44-475A-9899-08E866D7D4CD}
	EndGlobalSection
EndGlobal
